
Microsoft Visual Studio Solution File, Format Version 12.00
# Visual Studio Version 16
VisualStudioVersion = 16.0.30104.148
MinimumVisualStudioVersion = 10.0.40219.1
Project("{9A19103F-16F7-4668-BE54-9A1E7A4F7556}") = "BeeData.CovidSpaceAppsDemo", "BeeData.CovidSpaceAppsDemo\BeeData.CovidSpaceAppsDemo.csproj", "{57BEED0C-A672-4F2F-AA2E-56B737947DEE}"
EndProject
Project("{9A19103F-16F7-4668-BE54-9A1E7A4F7556}") = "BeeData.CovidSpaceAppsDemo.SampleImplementations", "BeeData.CovidSpaceAppsDemo.SampleImplementations\BeeData.CovidSpaceAppsDemo.SampleImplementations.csproj", "{36CD9F83-9FD5-4129-83FA-7920C5BAD845}"
EndProject
Project("{FAE04EC0-301F-11D3-BF4B-00C04F79EFBC}") = "BeeData.CovidSpaceAppsDemo.SampleClient", "BeeData.CovidSpaceAppsDemo.SampleClient\BeeData.CovidSpaceAppsDemo.SampleClient.csproj", "{C05B1F61-4AFA-4AA4-802B-7B9322FB4176}"
EndProject
Global
	GlobalSection(SolutionConfigurationPlatforms) = preSolution
		Debug|Any CPU = Debug|Any CPU
		Release|Any CPU = Release|Any CPU
	EndGlobalSection
	GlobalSection(ProjectConfigurationPlatforms) = postSolution
		{57BEED0C-A672-4F2F-AA2E-56B737947DEE}.Debug|Any CPU.ActiveCfg = Debug|Any CPU
		{57BEED0C-A672-4F2F-AA2E-56B737947DEE}.Debug|Any CPU.Build.0 = Debug|Any CPU
		{57BEED0C-A672-4F2F-AA2E-56B737947DEE}.Release|Any CPU.ActiveCfg = Release|Any CPU
		{57BEED0C-A672-4F2F-AA2E-56B737947DEE}.Release|Any CPU.Build.0 = Release|Any CPU
		{36CD9F83-9FD5-4129-83FA-7920C5BAD845}.Debug|Any CPU.ActiveCfg = Debug|Any CPU
		{36CD9F83-9FD5-4129-83FA-7920C5BAD845}.Debug|Any CPU.Build.0 = Debug|Any CPU
		{36CD9F83-9FD5-4129-83FA-7920C5BAD845}.Release|Any CPU.ActiveCfg = Release|Any CPU
		{36CD9F83-9FD5-4129-83FA-7920C5BAD845}.Release|Any CPU.Build.0 = Release|Any CPU
		{C05B1F61-4AFA-4AA4-802B-7B9322FB4176}.Debug|Any CPU.ActiveCfg = Debug|Any CPU
		{C05B1F61-4AFA-4AA4-802B-7B9322FB4176}.Debug|Any CPU.Build.0 = Debug|Any CPU
		{C05B1F61-4AFA-4AA4-802B-7B9322FB4176}.Release|Any CPU.ActiveCfg = Release|Any CPU
		{C05B1F61-4AFA-4AA4-802B-7B9322FB4176}.Release|Any CPU.Build.0 = Release|Any CPU
	EndGlobalSection
	GlobalSection(SolutionProperties) = preSolution
		HideSolutionNode = FALSE
	EndGlobalSection
	GlobalSection(ExtensibilityGlobals) = postSolution
		SolutionGuid = {8200C46F-0A5F-4B73-8072-ED2DA44F9C55}
	EndGlobalSection
EndGlobal
